
Microsoft Visual Studio Solution File, Format Version 12.00
# Visual Studio Version 17
VisualStudioVersion = 17.11.35312.102
MinimumVisualStudioVersion = 10.0.40219.1
Project("{FAE04EC0-301F-11D3-BF4B-00C04F79EFBC}") = "Bouncer", "Bouncer.csproj", "{3BE8622B-93D4-4F5F-BAA4-73AEF61FDF54}"
EndProject
Global
	GlobalSection(SolutionConfigurationPlatforms) = preSolution
		Debug|Any CPU = Debug|Any CPU
		Release|Any CPU = Release|Any CPU
	EndGlobalSection
	GlobalSection(ProjectConfigurationPlatforms) = postSolution
		{3BE8622B-93D4-4F5F-BAA4-73AEF61FDF54}.Debug|Any CPU.ActiveCfg = Debug|Any CPU
		{3BE8622B-93D4-4F5F-BAA4-73AEF61FDF54}.Debug|Any CPU.Build.0 = Debug|Any CPU
		{3BE8622B-93D4-4F5F-BAA4-73AEF61FDF54}.Release|Any CPU.ActiveCfg = Release|Any CPU
		{3BE8622B-93D4-4F5F-BAA4-73AEF61FDF54}.Release|Any CPU.Build.0 = Release|Any CPU
	EndGlobalSection
	GlobalSection(SolutionProperties) = preSolution
		HideSolutionNode = FALSE
	EndGlobalSection
	GlobalSection(ExtensibilityGlobals) = postSolution
		SolutionGuid = {8CD621E1-3721-4502-AAAD-8796AFE57F9B}
	EndGlobalSection
EndGlobal
